
Microsoft Visual Studio Solution File, Format Version 12.00
# Visual Studio Version 16
VisualStudioVersion = 16.0.30611.23
MinimumVisualStudioVersion = 15.0.26124.0
Project("{2150E333-8FDC-42A3-9474-1A3956D46DE8}") = "Solution Items", "Solution Items", "{16CE614E-D2A6-43F0-9330-04EFA2D26622}"
	ProjectSection(SolutionItems) = preProject
		Bicycle_1.png = Bicycle_1.png
		..\..\README.md = ..\..\README.md
		scaffold.ps1 = scaffold.ps1
	EndProjectSection
EndProject
Project("{9A19103F-16F7-4668-BE54-9A1E7A4F7556}") = "Dummy-4-ef", "Dummy-4-ef\Dummy-4-ef.csproj", "{52D31F00-F19C-44D9-B67C-B5AA108792D9}"
EndProject
Project("{9A19103F-16F7-4668-BE54-9A1E7A4F7556}") = "Magenic.Bicycle.Raw.EF", "Magenic.Bicycle.Raw.EF\Magenic.Bicycle.Raw.EF.csproj", "{8B620723-28E2-4975-980E-AD34AFDFC756}"
EndProject
Project("{9A19103F-16F7-4668-BE54-9A1E7A4F7556}") = "Magenic.Bicycle.Raw.EF.Test", "Magenic.Bicycle.Raw.EF.Test\Magenic.Bicycle.Raw.EF.Test.csproj", "{3F1930B8-9125-4347-A90E-3F3E3738AFF4}"
EndProject
Global
	GlobalSection(SolutionConfigurationPlatforms) = preSolution
		Debug|Any CPU = Debug|Any CPU
		Debug|x64 = Debug|x64
		Debug|x86 = Debug|x86
		Release|Any CPU = Release|Any CPU
		Release|x64 = Release|x64
		Release|x86 = Release|x86
	EndGlobalSection
	GlobalSection(ProjectConfigurationPlatforms) = postSolution
		{52D31F00-F19C-44D9-B67C-B5AA108792D9}.Debug|Any CPU.ActiveCfg = Debug|Any CPU
		{52D31F00-F19C-44D9-B67C-B5AA108792D9}.Debug|Any CPU.Build.0 = Debug|Any CPU
		{52D31F00-F19C-44D9-B67C-B5AA108792D9}.Debug|x64.ActiveCfg = Debug|Any CPU
		{52D31F00-F19C-44D9-B67C-B5AA108792D9}.Debug|x64.Build.0 = Debug|Any CPU
		{52D31F00-F19C-44D9-B67C-B5AA108792D9}.Debug|x86.ActiveCfg = Debug|Any CPU
		{52D31F00-F19C-44D9-B67C-B5AA108792D9}.Debug|x86.Build.0 = Debug|Any CPU
		{52D31F00-F19C-44D9-B67C-B5AA108792D9}.Release|Any CPU.ActiveCfg = Release|Any CPU
		{52D31F00-F19C-44D9-B67C-B5AA108792D9}.Release|Any CPU.Build.0 = Release|Any CPU
		{52D31F00-F19C-44D9-B67C-B5AA108792D9}.Release|x64.ActiveCfg = Release|Any CPU
		{52D31F00-F19C-44D9-B67C-B5AA108792D9}.Release|x64.Build.0 = Release|Any CPU
		{52D31F00-F19C-44D9-B67C-B5AA108792D9}.Release|x86.ActiveCfg = Release|Any CPU
		{52D31F00-F19C-44D9-B67C-B5AA108792D9}.Release|x86.Build.0 = Release|Any CPU
		{8B620723-28E2-4975-980E-AD34AFDFC756}.Debug|Any CPU.ActiveCfg = Debug|Any CPU
		{8B620723-28E2-4975-980E-AD34AFDFC756}.Debug|Any CPU.Build.0 = Debug|Any CPU
		{8B620723-28E2-4975-980E-AD34AFDFC756}.Debug|x64.ActiveCfg = Debug|Any CPU
		{8B620723-28E2-4975-980E-AD34AFDFC756}.Debug|x64.Build.0 = Debug|Any CPU
		{8B620723-28E2-4975-980E-AD34AFDFC756}.Debug|x86.ActiveCfg = Debug|Any CPU
		{8B620723-28E2-4975-980E-AD34AFDFC756}.Debug|x86.Build.0 = Debug|Any CPU
		{8B620723-28E2-4975-980E-AD34AFDFC756}.Release|Any CPU.ActiveCfg = Release|Any CPU
		{8B620723-28E2-4975-980E-AD34AFDFC756}.Release|Any CPU.Build.0 = Release|Any CPU
		{8B620723-28E2-4975-980E-AD34AFDFC756}.Release|x64.ActiveCfg = Release|Any CPU
		{8B620723-28E2-4975-980E-AD34AFDFC756}.Release|x64.Build.0 = Release|Any CPU
		{8B620723-28E2-4975-980E-AD34AFDFC756}.Release|x86.ActiveCfg = Release|Any CPU
		{8B620723-28E2-4975-980E-AD34AFDFC756}.Release|x86.Build.0 = Release|Any CPU
		{3F1930B8-9125-4347-A90E-3F3E3738AFF4}.Debug|Any CPU.ActiveCfg = Debug|Any CPU
		{3F1930B8-9125-4347-A90E-3F3E3738AFF4}.Debug|Any CPU.Build.0 = Debug|Any CPU
		{3F1930B8-9125-4347-A90E-3F3E3738AFF4}.Debug|x64.ActiveCfg = Debug|Any CPU
		{3F1930B8-9125-4347-A90E-3F3E3738AFF4}.Debug|x64.Build.0 = Debug|Any CPU
		{3F1930B8-9125-4347-A90E-3F3E3738AFF4}.Debug|x86.ActiveCfg = Debug|Any CPU
		{3F1930B8-9125-4347-A90E-3F3E3738AFF4}.Debug|x86.Build.0 = Debug|Any CPU
		{3F1930B8-9125-4347-A90E-3F3E3738AFF4}.Release|Any CPU.ActiveCfg = Release|Any CPU
		{3F1930B8-9125-4347-A90E-3F3E3738AFF4}.Release|Any CPU.Build.0 = Release|Any CPU
		{3F1930B8-9125-4347-A90E-3F3E3738AFF4}.Release|x64.ActiveCfg = Release|Any CPU
		{3F1930B8-9125-4347-A90E-3F3E3738AFF4}.Release|x64.Build.0 = Release|Any CPU
		{3F1930B8-9125-4347-A90E-3F3E3738AFF4}.Release|x86.ActiveCfg = Release|Any CPU
		{3F1930B8-9125-4347-A90E-3F3E3738AFF4}.Release|x86.Build.0 = Release|Any CPU
	EndGlobalSection
	GlobalSection(SolutionProperties) = preSolution
		HideSolutionNode = FALSE
	EndGlobalSection
	GlobalSection(ExtensibilityGlobals) = postSolution
		SolutionGuid = {DDC6989B-5F4C-492F-B535-7F17B0202C43}
	EndGlobalSection
EndGlobal
